
Microsoft Visual Studio Solution File, Format Version 12.00
# Visual Studio Version 17
VisualStudioVersion = 17.13.35919.96 d17.13
MinimumVisualStudioVersion = 10.0.40219.1
Project("{FAE04EC0-301F-11D3-BF4B-00C04F79EFBC}") = "Satra_Mart", "Satra_Mart\Satra_Mart.csproj", "{94A4F518-8D46-44FC-BA49-D70115F5F514}"
EndProject
Global
	GlobalSection(SolutionConfigurationPlatforms) = preSolution
		Debug|Any CPU = Debug|Any CPU
		Release|Any CPU = Release|Any CPU
	EndGlobalSection
	GlobalSection(ProjectConfigurationPlatforms) = postSolution
		{94A4F518-8D46-44FC-BA49-D70115F5F514}.Debug|Any CPU.ActiveCfg = Debug|Any CPU
		{94A4F518-8D46-44FC-BA49-D70115F5F514}.Debug|Any CPU.Build.0 = Debug|Any CPU
		{94A4F518-8D46-44FC-BA49-D70115F5F514}.Release|Any CPU.ActiveCfg = Release|Any CPU
		{94A4F518-8D46-44FC-BA49-D70115F5F514}.Release|Any CPU.Build.0 = Release|Any CPU
	EndGlobalSection
	GlobalSection(SolutionProperties) = preSolution
		HideSolutionNode = FALSE
	EndGlobalSection
	GlobalSection(ExtensibilityGlobals) = postSolution
		SolutionGuid = {1635D323-60EC-4D7F-999E-E8981143BC14}
	EndGlobalSection
EndGlobal
